// !$*UTF8*$!
{
	archiveVersion = 1;
	classes = {
	};
	objectVersion = 50;
	objects = {

/* Begin PBXBuildFile section */
		41171927A67D9A11D62F4416 /* Pods_App.framework in Frameworks */ = {isa = PBXBuildFile; fileRef = 4A3394A5749C595B20808653 /* Pods_App.framework */; };
		EA12F2E122F9C864000D337D /* HomeVC.swift in Sources */ = {isa = PBXBuildFile; fileRef = EA12F2E022F9C864000D337D /* HomeVC.swift */; };
		EA12F2E322F9D7E7000D337D /* galleryCell.swift in Sources */ = {isa = PBXBuildFile; fileRef = EA12F2E222F9D7E7000D337D /* galleryCell.swift */; };
		EAD4EE5122F9AB6F009ED506 /* AppDelegate.swift in Sources */ = {isa = PBXBuildFile; fileRef = EAD4EE5022F9AB6F009ED506 /* AppDelegate.swift */; };
		EAD4EE5622F9AB6F009ED506 /* Main.storyboard in Resources */ = {isa = PBXBuildFile; fileRef = EAD4EE5422F9AB6F009ED506 /* Main.storyboard */; };
		EAD4EE5922F9AB6F009ED506 /* App.xcdatamodeld in Sources */ = {isa = PBXBuildFile; fileRef = EAD4EE5722F9AB6F009ED506 /* App.xcdatamodeld */; };
		EAD4EE5B22F9AB72009ED506 /* Assets.xcassets in Resources */ = {isa = PBXBuildFile; fileRef = EAD4EE5A22F9AB72009ED506 /* Assets.xcassets */; };
		EAD4EE5E22F9AB72009ED506 /* LaunchScreen.storyboard in Resources */ = {isa = PBXBuildFile; fileRef = EAD4EE5C22F9AB72009ED506 /* LaunchScreen.storyboard */; };
		EAD4EE6622F9AC3B009ED506 /* SignupVC.swift in Sources */ = {isa = PBXBuildFile; fileRef = EAD4EE6522F9AC3B009ED506 /* SignupVC.swift */; };
		EAD4EE6822F9AC51009ED506 /* SigninVC.swift in Sources */ = {isa = PBXBuildFile; fileRef = EAD4EE6722F9AC51009ED506 /* SigninVC.swift */; };
/* End PBXBuildFile section */

/* Begin PBXFileReference section */
		3C9230918A3C1A78993CF4CB /* Pods-App.release.xcconfig */ = {isa = PBXFileReference; includeInIndex = 1; lastKnownFileType = text.xcconfig; name = "Pods-App.release.xcconfig"; path = "Target Support Files/Pods-App/Pods-App.release.xcconfig"; sourceTree = "<group>"; };
		4A3394A5749C595B20808653 /* Pods_App.framework */ = {isa = PBXFileReference; explicitFileType = wrapper.framework; includeInIndex = 0; path = Pods_App.framework; sourceTree = BUILT_PRODUCTS_DIR; };
		B24087D6C1A5FD3016062A78 /* Pods-App.debug.xcconfig */ = {isa = PBXFileReference; includeInIndex = 1; lastKnownFileType = text.xcconfig; name = "Pods-App.debug.xcconfig"; path = "Target Support Files/Pods-App/Pods-App.debug.xcconfig"; sourceTree = "<group>"; };
		EA12F2E022F9C864000D337D /* HomeVC.swift */ = {isa = PBXFileReference; lastKnownFileType = sourcecode.swift; path = HomeVC.swift; sourceTree = "<group>"; };
		EA12F2E222F9D7E7000D337D /* galleryCell.swift */ = {isa = PBXFileReference; lastKnownFileType = sourcecode.swift; path = galleryCell.swift; sourceTree = "<group>"; };
		EAD4EE4D22F9AB6F009ED506 /* App.app */ = {isa = PBXFileReference; explicitFileType = wrapper.application; includeInIndex = 0; path = App.app; sourceTree = BUILT_PRODUCTS_DIR; };
		EAD4EE5022F9AB6F009ED506 /* AppDelegate.swift */ = {isa = PBXFileReference; lastKnownFileType = sourcecode.swift; path = AppDelegate.swift; sourceTree = "<group>"; };
		EAD4EE5522F9AB6F009ED506 /* Base */ = {isa = PBXFileReference; lastKnownFileType = file.storyboard; name = Base; path = Base.lproj/Main.storyboard; sourceTree = "<group>"; };
		EAD4EE5822F9AB6F009ED506 /* App.xcdatamodel */ = {isa = PBXFileReference; lastKnownFileType = wrapper.xcdatamodel; path = App.xcdatamodel; sourceTree = "<group>"; };
		EAD4EE5A22F9AB72009ED506 /* Assets.xcassets */ = {isa = PBXFileReference; lastKnownFileType = folder.assetcatalog; path = Assets.xcassets; sourceTree = "<group>"; };
		EAD4EE5D22F9AB72009ED506 /* Base */ = {isa = PBXFileReference; lastKnownFileType = file.storyboard; name = Base; path = Base.lproj/LaunchScreen.storyboard; sourceTree = "<group>"; };
		EAD4EE5F22F9AB72009ED506 /* Info.plist */ = {isa = PBXFileReference; lastKnownFileType = text.plist.xml; path = Info.plist; sourceTree = "<group>"; };
		EAD4EE6522F9AC3B009ED506 /* SignupVC.swift */ = {isa = PBXFileReference; lastKnownFileType = sourcecode.swift; path = SignupVC.swift; sourceTree = "<group>"; };
		EAD4EE6722F9AC51009ED506 /* SigninVC.swift */ = {isa = PBXFileReference; lastKnownFileType = sourcecode.swift; path = SigninVC.swift; sourceTree = "<group>"; };
/* End PBXFileReference section */

/* Begin PBXFrameworksBuildPhase section */
		EAD4EE4A22F9AB6F009ED506 /* Frameworks */ = {
			isa = PBXFrameworksBuildPhase;
			buildActionMask = 2147483647;
			files = (
				41171927A67D9A11D62F4416 /* Pods_App.framework in Frameworks */,
			);
			runOnlyForDeploymentPostprocessing = 0;
		};
/* End PBXFrameworksBuildPhase section */

/* Begin PBXGroup section */
		24063AB759ECFA57688773A1 /* Frameworks */ = {
			isa = PBXGroup;
			children = (
				4A3394A5749C595B20808653 /* Pods_App.framework */,
			);
			name = Frameworks;
			sourceTree = "<group>";
		};
		608A0C013DF77009132DD4B2 /* Pods */ = {
			isa = PBXGroup;
			children = (
				B24087D6C1A5FD3016062A78 /* Pods-App.debug.xcconfig */,
				3C9230918A3C1A78993CF4CB /* Pods-App.release.xcconfig */,
			);
			path = Pods;
			sourceTree = "<group>";
		};
		EA12F2E422FAE732000D337D /* views */ = {
			isa = PBXGroup;
			children = (
				EAD4EE5422F9AB6F009ED506 /* Main.storyboard */,
				EAD4EE5C22F9AB72009ED506 /* LaunchScreen.storyboard */,
			);
			path = views;
			sourceTree = "<group>";
		};
		EA12F2E522FAE73B000D337D /* Controllers */ = {
			isa = PBXGroup;
			children = (
				EA12F2E722FAE79B000D337D /* cells */,
				EA12F2E022F9C864000D337D /* HomeVC.swift */,
				EAD4EE6522F9AC3B009ED506 /* SignupVC.swift */,
				EAD4EE6722F9AC51009ED506 /* SigninVC.swift */,
			);
			path = Controllers;
			sourceTree = "<group>";
		};
		EA12F2E622FAE74B000D337D /* Constants */ = {
			isa = PBXGroup;
			children = (
				EAD4EE5722F9AB6F009ED506 /* App.xcdatamodeld */,
				EAD4EE5022F9AB6F009ED506 /* AppDelegate.swift */,
				EAD4EE5A22F9AB72009ED506 /* Assets.xcassets */,
			);
			path = Constants;
			sourceTree = "<group>";
		};
		EA12F2E722FAE79B000D337D /* cells */ = {
			isa = PBXGroup;
			children = (
				EA12F2E222F9D7E7000D337D /* galleryCell.swift */,
			);
			path = cells;
			sourceTree = "<group>";
		};
		EAD4EE4422F9AB6F009ED506 = {
			isa = PBXGroup;
			children = (
				EAD4EE4F22F9AB6F009ED506 /* App */,
				EAD4EE4E22F9AB6F009ED506 /* Products */,
				608A0C013DF77009132DD4B2 /* Pods */,
				24063AB759ECFA57688773A1 /* Frameworks */,
			);
			sourceTree = "<group>";
		};
		EAD4EE4E22F9AB6F009ED506 /* Products */ = {
			isa = PBXGroup;
			children = (
				EAD4EE4D22F9AB6F009ED506 /* App.app */,
			);
			name = Products;
			sourceTree = "<group>";
		};
		EAD4EE4F22F9AB6F009ED506 /* App */ = {
			isa = PBXGroup;
			children = (
				EA12F2E622FAE74B000D337D /* Constants */,
				EA12F2E522FAE73B000D337D /* Controllers */,
				EA12F2E422FAE732000D337D /* views */,
				EAD4EE5F22F9AB72009ED506 /* Info.plist */,
			);
			path = App;
			sourceTree = "<group>";
		};
/* End PBXGroup section */

/* Begin PBXNativeTarget section */
		EAD4EE4C22F9AB6F009ED506 /* App */ = {
			isa = PBXNativeTarget;
			buildConfigurationList = EAD4EE6222F9AB72009ED506 /* Build configuration list for PBXNativeTarget "App" */;
			buildPhases = (
				FC68FDEA152AB444C50F4C9E /* [CP] Check Pods Manifest.lock */,
				EAD4EE4922F9AB6F009ED506 /* Sources */,
				EAD4EE4A22F9AB6F009ED506 /* Frameworks */,
				EAD4EE4B22F9AB6F009ED506 /* Resources */,
				725553B39A62432602A4F832 /* [CP] Embed Pods Frameworks */,
			);
			buildRules = (
			);
			dependencies = (
			);
			name = App;
			productName = App;
			productReference = EAD4EE4D22F9AB6F009ED506 /* App.app */;
			productType = "com.apple.product-type.application";
		};
/* End PBXNativeTarget section */

/* Begin PBXProject section */
		EAD4EE4522F9AB6F009ED506 /* Project object */ = {
			isa = PBXProject;
			attributes = {
				LastSwiftUpdateCheck = 1030;
				LastUpgradeCheck = 1030;
				ORGANIZATIONNAME = "M.Mubeen Asif";
				TargetAttributes = {
					EAD4EE4C22F9AB6F009ED506 = {
						CreatedOnToolsVersion = 10.3;
					};
				};
			};
			buildConfigurationList = EAD4EE4822F9AB6F009ED506 /* Build configuration list for PBXProject "App" */;
			compatibilityVersion = "Xcode 9.3";
			developmentRegion = en;
			hasScannedForEncodings = 0;
			knownRegions = (
				en,
				Base,
			);
			mainGroup = EAD4EE4422F9AB6F009ED506;
			productRefGroup = EAD4EE4E22F9AB6F009ED506 /* Products */;
			projectDirPath = "";
			projectRoot = "";
			targets = (
				EAD4EE4C22F9AB6F009ED506 /* App */,
			);
		};
/* End PBXProject section */

/* Begin PBXResourcesBuildPhase section */
		EAD4EE4B22F9AB6F009ED506 /* Resources */ = {
			isa = PBXResourcesBuildPhase;
			buildActionMask = 2147483647;
			files = (
				EAD4EE5E22F9AB72009ED506 /* LaunchScreen.storyboard in Resources */,
				EAD4EE5B22F9AB72009ED506 /* Assets.xcassets in Resources */,
				EAD4EE5622F9AB6F009ED506 /* Main.storyboard in Resources */,
			);
			runOnlyForDeploymentPostprocessing = 0;
		};
/* End PBXResourcesBuildPhase section */

/* Begin PBXShellScriptBuildPhase section */
		725553B39A62432602A4F832 /* [CP] Embed Pods Frameworks */ = {
			isa = PBXShellScriptBuildPhase;
			buildActionMask = 2147483647;
			files = (
			);
			inputFileListPaths = (
			);
			inputPaths = (
				"${PODS_ROOT}/Target Support Files/Pods-App/Pods-App-frameworks.sh",
				"${BUILT_PRODUCTS_DIR}/IQKeyboardManager/IQKeyboardManager.framework",
			);
			name = "[CP] Embed Pods Frameworks";
			outputFileListPaths = (
			);
			outputPaths = (
				"${TARGET_BUILD_DIR}/${FRAMEWORKS_FOLDER_PATH}/IQKeyboardManager.framework",
			);
			runOnlyForDeploymentPostprocessing = 0;
			shellPath = /bin/sh;
			shellScript = "\"${PODS_ROOT}/Target Support Files/Pods-App/Pods-App-frameworks.sh\"\n";
			showEnvVarsInLog = 0;
		};
		FC68FDEA152AB444C50F4C9E /* [CP] Check Pods Manifest.lock */ = {
			isa = PBXShellScriptBuildPhase;
			buildActionMask = 2147483647;
			files = (
			);
			inputFileListPaths = (
			);
			inputPaths = (
				"${PODS_PODFILE_DIR_PATH}/Podfile.lock",
				"${PODS_ROOT}/Manifest.lock",
			);
			name = "[CP] Check Pods Manifest.lock";
			outputFileListPaths = (
			);
			outputPaths = (
				"$(DERIVED_FILE_DIR)/Pods-App-checkManifestLockResult.txt",
			);
			runOnlyForDeploymentPostprocessing = 0;
			shellPath = /bin/sh;
			shellScript = "diff \"${PODS_PODFILE_DIR_PATH}/Podfile.lock\" \"${PODS_ROOT}/Manifest.lock\" > /dev/null\nif [ $? != 0 ] ; then\n    # print error to STDERR\n    echo \"error: The sandbox is not in sync with the Podfile.lock. Run 'pod install' or update your CocoaPods installation.\" >&2\n    exit 1\nfi\n# This output is used by Xcode 'outputs' to avoid re-running this script phase.\necho \"SUCCESS\" > \"${SCRIPT_OUTPUT_FILE_0}\"\n";
			showEnvVarsInLog = 0;
		};
/* End PBXShellScriptBuildPhase section */

/* Begin PBXSourcesBuildPhase section */
		EAD4EE4922F9AB6F009ED506 /* Sources */ = {
			isa = PBXSourcesBuildPhase;
			buildActionMask = 2147483647;
			files = (
				EA12F2E322F9D7E7000D337D /* galleryCell.swift in Sources */,
				EAD4EE6622F9AC3B009ED506 /* SignupVC.swift in Sources */,
				EA12F2E122F9C864000D337D /* HomeVC.swift in Sources */,
				EAD4EE5922F9AB6F009ED506 /* App.xcdatamodeld in Sources */,
				EAD4EE6822F9AC51009ED506 /* SigninVC.swift in Sources */,
				EAD4EE5122F9AB6F009ED506 /* AppDelegate.swift in Sources */,
			);
			runOnlyForDeploymentPostprocessing = 0;
		};
/* End PBXSourcesBuildPhase section */

/* Begin PBXVariantGroup section */
		EAD4EE5422F9AB6F009ED506 /* Main.storyboard */ = {
			isa = PBXVariantGroup;
			children = (
				EAD4EE5522F9AB6F009ED506 /* Base */,
			);
			name = Main.storyboard;
			sourceTree = "<group>";
		};
		EAD4EE5C22F9AB72009ED506 /* LaunchScreen.storyboard */ = {
			isa = PBXVariantGroup;
			children = (
				EAD4EE5D22F9AB72009ED506 /* Base */,
			);
			name = LaunchScreen.storyboard;
			sourceTree = "<group>";
		};
/* End PBXVariantGroup section */

/* Begin XCBuildConfiguration section */
		EAD4EE6022F9AB72009ED506 /* Debug */ = {
			isa = XCBuildConfiguration;
			buildSettings = {
				ALWAYS_SEARCH_USER_PATHS = NO;
				CLANG_ANALYZER_NONNULL = YES;
				CLANG_ANALYZER_NUMBER_OBJECT_CONVERSION = YES_AGGRESSIVE;
				CLANG_CXX_LANGUAGE_STANDARD = "gnu++14";
				CLANG_CXX_LIBRARY = "libc++";
				CLANG_ENABLE_MODULES = YES;
				CLANG_ENABLE_OBJC_ARC = YES;
				CLANG_ENABLE_OBJC_WEAK = YES;
				CLANG_WARN_BLOCK_CAPTURE_AUTORELEASING = YES;
				CLANG_WARN_BOOL_CONVERSION = YES;
				CLANG_WARN_COMMA = YES;
				CLANG_WARN_CONSTANT_CONVERSION = YES;
				CLANG_WARN_DEPRECATED_OBJC_IMPLEMENTATIONS = YES;
				CLANG_WARN_DIRECT_OBJC_ISA_USAGE = YES_ERROR;
				CLANG_WARN_DOCUMENTATION_COMMENTS = YES;
				CLANG_WARN_EMPTY_BODY = YES;
				CLANG_WARN_ENUM_CONVERSION = YES;
				CLANG_WARN_INFINITE_RECURSION = YES;
				CLANG_WARN_INT_CONVERSION = YES;
				CLANG_WARN_NON_LITERAL_NULL_CONVERSION = YES;
				CLANG_WARN_OBJC_IMPLICIT_RETAIN_SELF = YES;
				CLANG_WARN_OBJC_LITERAL_CONVERSION = YES;
				CLANG_WARN_OBJC_ROOT_CLASS = YES_ERROR;
				CLANG_WARN_RANGE_LOOP_ANALYSIS = YES;
				CLANG_WARN_STRICT_PROTOTYPES = YES;
				CLANG_WARN_SUSPICIOUS_MOVE = YES;
				CLANG_WARN_UNGUARDED_AVAILABILITY = YES_AGGRESSIVE;
				CLANG_WARN_UNREACHABLE_CODE = YES;
				CLANG_WARN__DUPLICATE_METHOD_MATCH = YES;
				CODE_SIGN_IDENTITY = "iPhone Developer";
				COPY_PHASE_STRIP = NO;
				DEBUG_INFORMATION_FORMAT = dwarf;
				ENABLE_STRICT_OBJC_MSGSEND = YES;
				ENABLE_TESTABILITY = YES;
				GCC_C_LANGUAGE_STANDARD = gnu11;
				GCC_DYNAMIC_NO_PIC = NO;
				GCC_NO_COMMON_BLOCKS = YES;
				GCC_OPTIMIZATION_LEVEL = 0;
				GCC_PREPROCESSOR_DEFINITIONS = (
					"DEBUG=1",
					"$(inherited)",
				);
				GCC_WARN_64_TO_32_BIT_CONVERSION = YES;
				GCC_WARN_ABOUT_RETURN_TYPE = YES_ERROR;
				GCC_WARN_UNDECLARED_SELECTOR = YES;
				GCC_WARN_UNINITIALIZED_AUTOS = YES_AGGRESSIVE;
				GCC_WARN_UNUSED_FUNCTION = YES;
				GCC_WARN_UNUSED_VARIABLE = YES;
				IPHONEOS_DEPLOYMENT_TARGET = 12.4;
				MTL_ENABLE_DEBUG_INFO = INCLUDE_SOURCE;
				MTL_FAST_MATH = YES;
				ONLY_ACTIVE_ARCH = YES;
				SDKROOT = iphoneos;
				SWIFT_ACTIVE_COMPILATION_CONDITIONS = DEBUG;
				SWIFT_OPTIMIZATION_LEVEL = "-Onone";
			};
			name = Debug;
		};
		EAD4EE6122F9AB72009ED506 /* Release */ = {
			isa = XCBuildConfiguration;
			buildSettings = {
				ALWAYS_SEARCH_USER_PATHS = NO;
				CLANG_ANALYZER_NONNULL = YES;
				CLANG_ANALYZER_NUMBER_OBJECT_CONVERSION = YES_AGGRESSIVE;
				CLANG_CXX_LANGUAGE_STANDARD = "gnu++14";
				CLANG_CXX_LIBRARY = "libc++";
				CLANG_ENABLE_MODULES = YES;
				CLANG_ENABLE_OBJC_ARC = YES;
				CLANG_ENABLE_OBJC_WEAK = YES;
				CLANG_WARN_BLOCK_CAPTURE_AUTORELEASING = YES;
				CLANG_WARN_BOOL_CONVERSION = YES;
				CLANG_WARN_COMMA = YES;
				CLANG_WARN_CONSTANT_CONVERSION = YES;
				CLANG_WARN_DEPRECATED_OBJC_IMPLEMENTATIONS = YES;
				CLANG_WARN_DIRECT_OBJC_ISA_USAGE = YES_ERROR;
				CLANG_WARN_DOCUMENTATION_COMMENTS = YES;
				CLANG_WARN_EMPTY_BODY = YES;
				CLANG_WARN_ENUM_CONVERSION = YES;
				CLANG_WARN_INFINITE_RECURSION = YES;
				CLANG_WARN_INT_CONVERSION = YES;
				CLANG_WARN_NON_LITERAL_NULL_CONVERSION = YES;
				CLANG_WARN_OBJC_IMPLICIT_RETAIN_SELF = YES;
				CLANG_WARN_OBJC_LITERAL_CONVERSION = YES;
				CLANG_WARN_OBJC_ROOT_CLASS = YES_ERROR;
				CLANG_WARN_RANGE_LOOP_ANALYSIS = YES;
				CLANG_WARN_STRICT_PROTOTYPES = YES;
				CLANG_WARN_SUSPICIOUS_MOVE = YES;
				CLANG_WARN_UNGUARDED_AVAILABILITY = YES_AGGRESSIVE;
				CLANG_WARN_UNREACHABLE_CODE = YES;
				CLANG_WARN__DUPLICATE_METHOD_MATCH = YES;
				CODE_SIGN_IDENTITY = "iPhone Developer";
				COPY_PHASE_STRIP = NO;
				DEBUG_INFORMATION_FORMAT = "dwarf-with-dsym";
				ENABLE_NS_ASSERTIONS = NO;
				ENABLE_STRICT_OBJC_MSGSEND = YES;
				GCC_C_LANGUAGE_STANDARD = gnu11;
				GCC_NO_COMMON_BLOCKS = YES;
				GCC_WARN_64_TO_32_BIT_CONVERSION = YES;
				GCC_WARN_ABOUT_RETURN_TYPE = YES_ERROR;
				GCC_WARN_UNDECLARED_SELECTOR = YES;
				GCC_WARN_UNINITIALIZED_AUTOS = YES_AGGRESSIVE;
				GCC_WARN_UNUSED_FUNCTION = YES;
				GCC_WARN_UNUSED_VARIABLE = YES;
				IPHONEOS_DEPLOYMENT_TARGET = 12.4;
				MTL_ENABLE_DEBUG_INFO = NO;
				MTL_FAST_MATH = YES;
				SDKROOT = iphoneos;
				SWIFT_COMPILATION_MODE = wholemodule;
				SWIFT_OPTIMIZATION_LEVEL = "-O";
				VALIDATE_PRODUCT = YES;
			};
			name = Release;
		};
		EAD4EE6322F9AB72009ED506 /* Debug */ = {
			isa = XCBuildConfiguration;
			baseConfigurationReference = B24087D6C1A5FD3016062A78 /* Pods-App.debug.xcconfig */;
			buildSettings = {
				ASSETCATALOG_COMPILER_APPICON_NAME = AppIcon;
				CODE_SIGN_IDENTITY = "iPhone Developer";
				CODE_SIGN_STYLE = Automatic;
				DEVELOPMENT_TEAM = RF4ZXJ55GU;
				INFOPLIST_FILE = App/Info.plist;
				IPHONEOS_DEPLOYMENT_TARGET = 12.3;
				LD_RUNPATH_SEARCH_PATHS = (
					"$(inherited)",
					"@executable_path/Frameworks",
				);
				PRODUCT_BUNDLE_IDENTIFIER = mubeenasif.app.task;
				PRODUCT_NAME = "$(TARGET_NAME)";
				PROVISIONING_PROFILE_SPECIFIER = "";
				SWIFT_VERSION = 5.0;
				TARGETED_DEVICE_FAMILY = "1,2";
			};
			name = Debug;
		};
		EAD4EE6422F9AB72009ED506 /* Release */ = {
			isa = XCBuildConfiguration;
			baseConfigurationReference = 3C9230918A3C1A78993CF4CB /* Pods-App.release.xcconfig */;
			buildSettings = {
				ASSETCATALOG_COMPILER_APPICON_NAME = AppIcon;
				CODE_SIGN_IDENTITY = "iPhone Developer";
				CODE_SIGN_STYLE = Automatic;
				DEVELOPMENT_TEAM = RF4ZXJ55GU;
				INFOPLIST_FILE = App/Info.plist;
				IPHONEOS_DEPLOYMENT_TARGET = 12.3;
				LD_RUNPATH_SEARCH_PATHS = (
					"$(inherited)",
					"@executable_path/Frameworks",
				);
				PRODUCT_BUNDLE_IDENTIFIER = mubeenasif.app.task;
				PRODUCT_NAME = "$(TARGET_NAME)";
				PROVISIONING_PROFILE_SPECIFIER = "";
				SWIFT_VERSION = 5.0;
				TARGETED_DEVICE_FAMILY = "1,2";
			};
			name = Release;
		};
/* End XCBuildConfiguration section */

/* Begin XCConfigurationList section */
		EAD4EE4822F9AB6F009ED506 /* Build configuration list for PBXProject "App" */ = {
			isa = XCConfigurationList;
			buildConfigurations = (
				EAD4EE6022F9AB72009ED506 /* Debug */,
				EAD4EE6122F9AB72009ED506 /* Release */,
			);
			defaultConfigurationIsVisible = 0;
			defaultConfigurationName = Release;
		};
		EAD4EE6222F9AB72009ED506 /* Build configuration list for PBXNativeTarget "App" */ = {
			isa = XCConfigurationList;
			buildConfigurations = (
				EAD4EE6322F9AB72009ED506 /* Debug */,
				EAD4EE6422F9AB72009ED506 /* Release */,
			);
			defaultConfigurationIsVisible = 0;
			defaultConfigurationName = Release;
		};
/* End XCConfigurationList section */

/* Begin XCVersionGroup section */
		EAD4EE5722F9AB6F009ED506 /* App.xcdatamodeld */ = {
			isa = XCVersionGroup;
			children = (
				EAD4EE5822F9AB6F009ED506 /* App.xcdatamodel */,
			);
			currentVersion = EAD4EE5822F9AB6F009ED506 /* App.xcdatamodel */;
			path = App.xcdatamodeld;
			sourceTree = "<group>";
			versionGroupType = wrapper.xcdatamodel;
		};
/* End XCVersionGroup section */
	};
	rootObject = EAD4EE4522F9AB6F009ED506 /* Project object */;
}
